
Microsoft Visual Studio Solution File, Format Version 12.00
# Visual Studio Version 17
VisualStudioVersion = 17.14.36414.22 d17.14
MinimumVisualStudioVersion = 10.0.40219.1
Project("{FAE04EC0-301F-11D3-BF4B-00C04F79EFBC}") = "OOP_698_BT2", "OOP_698_BT2\OOP_698_BT2.csproj", "{E60FB110-B389-41CF-B4DF-D731F88801F9}"
EndProject
Global
	GlobalSection(SolutionConfigurationPlatforms) = preSolution
		Debug|Any CPU = Debug|Any CPU
		Release|Any CPU = Release|Any CPU
	EndGlobalSection
	GlobalSection(ProjectConfigurationPlatforms) = postSolution
		{E60FB110-B389-41CF-B4DF-D731F88801F9}.Debug|Any CPU.ActiveCfg = Debug|Any CPU
		{E60FB110-B389-41CF-B4DF-D731F88801F9}.Debug|Any CPU.Build.0 = Debug|Any CPU
		{E60FB110-B389-41CF-B4DF-D731F88801F9}.Release|Any CPU.ActiveCfg = Release|Any CPU
		{E60FB110-B389-41CF-B4DF-D731F88801F9}.Release|Any CPU.Build.0 = Release|Any CPU
	EndGlobalSection
	GlobalSection(SolutionProperties) = preSolution
		HideSolutionNode = FALSE
	EndGlobalSection
	GlobalSection(ExtensibilityGlobals) = postSolution
		SolutionGuid = {066CCB7E-B9B0-457B-9EE4-EDF48D55165C}
	EndGlobalSection
EndGlobal
